
Microsoft Visual Studio Solution File, Format Version 12.00
# Visual Studio Version 17
VisualStudioVersion = 17.7.34221.43
MinimumVisualStudioVersion = 10.0.40219.1
Project("{9A19103F-16F7-4668-BE54-9A1E7A4F7556}") = "Hammer.Iiko.ReservePlugin", "Hammer.Iiko.ReservePlugin\Hammer.Iiko.ReservePlugin.csproj", "{508FA5E3-4A54-403C-B59D-256621A0439E}"
EndProject
Project("{FAE04EC0-301F-11D3-BF4B-00C04F79EFBC}") = "Hammer.Iiko.WsServer", "Hammer.Iiko.WsServer\Hammer.Iiko.WsServer.csproj", "{BD40D49E-BC8E-4AA3-BCAE-CD81D721809F}"
EndProject
Global
	GlobalSection(SolutionConfigurationPlatforms) = preSolution
		Debug|Any CPU = Debug|Any CPU
		Release|Any CPU = Release|Any CPU
	EndGlobalSection
	GlobalSection(ProjectConfigurationPlatforms) = postSolution
		{508FA5E3-4A54-403C-B59D-256621A0439E}.Debug|Any CPU.ActiveCfg = Debug|Any CPU
		{508FA5E3-4A54-403C-B59D-256621A0439E}.Debug|Any CPU.Build.0 = Debug|Any CPU
		{508FA5E3-4A54-403C-B59D-256621A0439E}.Release|Any CPU.ActiveCfg = Release|Any CPU
		{508FA5E3-4A54-403C-B59D-256621A0439E}.Release|Any CPU.Build.0 = Release|Any CPU
		{BD40D49E-BC8E-4AA3-BCAE-CD81D721809F}.Debug|Any CPU.ActiveCfg = Debug|Any CPU
		{BD40D49E-BC8E-4AA3-BCAE-CD81D721809F}.Debug|Any CPU.Build.0 = Debug|Any CPU
		{BD40D49E-BC8E-4AA3-BCAE-CD81D721809F}.Release|Any CPU.ActiveCfg = Release|Any CPU
		{BD40D49E-BC8E-4AA3-BCAE-CD81D721809F}.Release|Any CPU.Build.0 = Release|Any CPU
	EndGlobalSection
	GlobalSection(SolutionProperties) = preSolution
		HideSolutionNode = FALSE
	EndGlobalSection
	GlobalSection(ExtensibilityGlobals) = postSolution
		SolutionGuid = {0FE03793-452B-4E2E-9F44-9D15A990AD7D}
	EndGlobalSection
EndGlobal
